
Microsoft Visual Studio Solution File, Format Version 12.00
# Visual Studio 15
VisualStudioVersion = 15.0.27703.2042
MinimumVisualStudioVersion = 10.0.40219.1
Project("{FAE04EC0-301F-11D3-BF4B-00C04F79EFBC}") = "Bodonate.Entity", "Bodonate.Entity\Bodonate.Entity.csproj", "{E6AA76C0-F1DF-4552-944E-D938512458A6}"
EndProject
Project("{FAE04EC0-301F-11D3-BF4B-00C04F79EFBC}") = "Bodonate.DAL", "Bodonate.DAL\Bodonate.DAL.csproj", "{3EFF3458-0D3F-4D93-8288-F71BCC8B1159}"
EndProject
Project("{FAE04EC0-301F-11D3-BF4B-00C04F79EFBC}") = "Bodonate.Test", "Bodonate.Test\Bodonate.Test.csproj", "{01FF2C0D-BE8B-45E6-8554-382586D4452D}"
EndProject
Project("{FAE04EC0-301F-11D3-BF4B-00C04F79EFBC}") = "Bodonate.Web", "Bodonate.Web\Bodonate.Web.csproj", "{48AD61EA-D379-4AA2-A09C-5C454EBF0ED0}"
EndProject
Global
	GlobalSection(SolutionConfigurationPlatforms) = preSolution
		Debug|Any CPU = Debug|Any CPU
		Release|Any CPU = Release|Any CPU
	EndGlobalSection
	GlobalSection(ProjectConfigurationPlatforms) = postSolution
		{E6AA76C0-F1DF-4552-944E-D938512458A6}.Debug|Any CPU.ActiveCfg = Debug|Any CPU
		{E6AA76C0-F1DF-4552-944E-D938512458A6}.Debug|Any CPU.Build.0 = Debug|Any CPU
		{E6AA76C0-F1DF-4552-944E-D938512458A6}.Release|Any CPU.ActiveCfg = Release|Any CPU
		{E6AA76C0-F1DF-4552-944E-D938512458A6}.Release|Any CPU.Build.0 = Release|Any CPU
		{3EFF3458-0D3F-4D93-8288-F71BCC8B1159}.Debug|Any CPU.ActiveCfg = Debug|Any CPU
		{3EFF3458-0D3F-4D93-8288-F71BCC8B1159}.Debug|Any CPU.Build.0 = Debug|Any CPU
		{3EFF3458-0D3F-4D93-8288-F71BCC8B1159}.Release|Any CPU.ActiveCfg = Release|Any CPU
		{3EFF3458-0D3F-4D93-8288-F71BCC8B1159}.Release|Any CPU.Build.0 = Release|Any CPU
		{01FF2C0D-BE8B-45E6-8554-382586D4452D}.Debug|Any CPU.ActiveCfg = Debug|Any CPU
		{01FF2C0D-BE8B-45E6-8554-382586D4452D}.Debug|Any CPU.Build.0 = Debug|Any CPU
		{01FF2C0D-BE8B-45E6-8554-382586D4452D}.Release|Any CPU.ActiveCfg = Release|Any CPU
		{01FF2C0D-BE8B-45E6-8554-382586D4452D}.Release|Any CPU.Build.0 = Release|Any CPU
		{48AD61EA-D379-4AA2-A09C-5C454EBF0ED0}.Debug|Any CPU.ActiveCfg = Debug|Any CPU
		{48AD61EA-D379-4AA2-A09C-5C454EBF0ED0}.Debug|Any CPU.Build.0 = Debug|Any CPU
		{48AD61EA-D379-4AA2-A09C-5C454EBF0ED0}.Release|Any CPU.ActiveCfg = Release|Any CPU
		{48AD61EA-D379-4AA2-A09C-5C454EBF0ED0}.Release|Any CPU.Build.0 = Release|Any CPU
	EndGlobalSection
	GlobalSection(SolutionProperties) = preSolution
		HideSolutionNode = FALSE
	EndGlobalSection
	GlobalSection(ExtensibilityGlobals) = postSolution
		SolutionGuid = {D413B6C8-007C-4DB6-B4C2-4238E80F7D66}
	EndGlobalSection
EndGlobal
